
Microsoft Visual Studio Solution File, Format Version 12.00
# Visual Studio 14
VisualStudioVersion = 14.0.25420.1
MinimumVisualStudioVersion = 10.0.40219.1
Project("{FAE04EC0-301F-11D3-BF4B-00C04F79EFBC}") = "Portal", "Portal\Portal.csproj", "{5322FAC4-A153-475B-A1FE-DCA3333BBA2C}"
EndProject
Project("{FAE04EC0-301F-11D3-BF4B-00C04F79EFBC}") = "Portal.Notas", "Portal.Notas\Portal.Notas.csproj", "{5BC252C9-8F45-42A6-82F5-0A6B705BD1E1}"
EndProject
Project("{FAE04EC0-301F-11D3-BF4B-00C04F79EFBC}") = "Portal.Importacao", "Portal.Importacao\Portal.Importacao.csproj", "{FBD7AFEE-2D39-421C-AF9E-FD15D0DC91BF}"
EndProject
Project("{2150E333-8FDC-42A3-9474-1A3956D46DE8}") = "Projects", "Projects", "{B4AC80CD-8C9C-4CE7-9F64-221A32F02FDE}"
EndProject
Project("{2150E333-8FDC-42A3-9474-1A3956D46DE8}") = "ProjectsGlobais", "ProjectsGlobais", "{EF3AD0BA-EE02-4FCC-AA14-F3BEF44EA020}"
EndProject
Project("{2150E333-8FDC-42A3-9474-1A3956D46DE8}") = "ProjectsServicos", "ProjectsServicos", "{0929626C-B902-4D5A-9E4F-697BB7F4D469}"
EndProject
Project("{2150E333-8FDC-42A3-9474-1A3956D46DE8}") = "ProjectsImports", "ProjectsImports", "{BDC394AE-8127-449A-A4F0-435AA58A2868}"
EndProject
Project("{FAE04EC0-301F-11D3-BF4B-00C04F79EFBC}") = "Globais.BE", "ProjectsGlobais\Globais.BE\Globais.BE.csproj", "{BABD2C80-4559-40B1-9079-373FCE1A75BC}"
EndProject
Project("{FAE04EC0-301F-11D3-BF4B-00C04F79EFBC}") = "Globais.BLL", "ProjectsGlobais\Globais.BLL\Globais.BLL.csproj", "{BD716341-AAE7-4A42-9B42-FB2CE7693BC2}"
EndProject
Project("{FAE04EC0-301F-11D3-BF4B-00C04F79EFBC}") = "Globais.Dao", "ProjectsGlobais\Globais.Dao\Globais.Dao.csproj", "{7C68BEB7-ADAB-4FDB-A7B6-8696DE0E71A8}"
EndProject
Project("{FAE04EC0-301F-11D3-BF4B-00C04F79EFBC}") = "Globais.Helper", "ProjectsGlobais\Portal.Helper\Globais.Helper.csproj", "{108E9DDB-7FC2-4352-AB19-351AD4328A4E}"
EndProject
Project("{FAE04EC0-301F-11D3-BF4B-00C04F79EFBC}") = "PortalChamados", "Portal\Areas\PortalChamados\PortalChamados.csproj", "{0FECABFE-0E0F-4B3D-9E5F-05ED3E344377}"
EndProject
Project("{2150E333-8FDC-42A3-9474-1A3956D46DE8}") = "ProjectsSCM", "ProjectsSCM", "{3E691426-92DB-466D-B294-D605B16AEFB6}"
EndProject
Project("{FAE04EC0-301F-11D3-BF4B-00C04F79EFBC}") = "PortalSCM", "Portal\Areas\PortalSCM\PortalSCM.csproj", "{6E10AB3A-57AD-41CD-862A-C9C125689B6A}"
EndProject
Project("{2150E333-8FDC-42A3-9474-1A3956D46DE8}") = "ProjectsChamados", "ProjectsChamados", "{24FBEC7B-26EE-45B0-B11A-497A17C0AD34}"
EndProject
Project("{FAE04EC0-301F-11D3-BF4B-00C04F79EFBC}") = "PortalSCM.BLL", "Portal\Areas\PortalSCM\Class\PortalSCM.BLL\PortalSCM.BLL.csproj", "{EE07FEC1-3D7B-40C8-A508-C36A41820438}"
EndProject
Project("{FAE04EC0-301F-11D3-BF4B-00C04F79EFBC}") = "PortalSCM.BE", "Portal\Areas\PortalSCM\Class\PortalSCM.BE\PortalSCM.BE.csproj", "{A68CCB82-958D-422C-92DB-5DB1D97CED77}"
EndProject
Project("{FAE04EC0-301F-11D3-BF4B-00C04F79EFBC}") = "PortalSCM.Dao", "Portal\Areas\PortalSCM\Class\PortalSCM.Dao\PortalSCM.Dao.csproj", "{98B3FCF2-C6DF-4C51-872F-CD2176C74700}"
EndProject
Project("{FAE04EC0-301F-11D3-BF4B-00C04F79EFBC}") = "PortalSCM.Helper", "Portal\Areas\PortalSCM\Class\PortalSCM.Helper\PortalSCM.Helper.csproj", "{5BE2CA67-2D14-4E21-B834-5DEC8B45217F}"
EndProject
Project("{2150E333-8FDC-42A3-9474-1A3956D46DE8}") = "Z_Helpes", "Z_Helpes", "{1984044A-FFE5-402C-9303-598C4C0220CC}"
EndProject
Project("{FAE04EC0-301F-11D3-BF4B-00C04F79EFBC}") = "NFENotasFiscais", "Portal\Areas\NFENotasFiscais\NFENotasFiscais.csproj", "{5C4C8745-1CE3-432A-9D83-3F677BD67F9B}"
EndProject
Project("{FAE04EC0-301F-11D3-BF4B-00C04F79EFBC}") = "NFENotasFiscais.BE", "Portal\Areas\NFENotasFiscais\Class\NFENotasFiscais.BE\NFENotasFiscais.BE.csproj", "{362FC5A5-1538-4246-9E58-5226C635553B}"
EndProject
Project("{FAE04EC0-301F-11D3-BF4B-00C04F79EFBC}") = "NFENotasFiscais.BLL", "Portal\Areas\NFENotasFiscais\Class\NFENotasFiscais.BLL\NFENotasFiscais.BLL.csproj", "{A35E204A-9F9B-47A6-84FE-AC60E95BF4AF}"
EndProject
Project("{FAE04EC0-301F-11D3-BF4B-00C04F79EFBC}") = "NFENotasFiscais.Dao", "Portal\Areas\NFENotasFiscais\Class\NFENotasFiscais.Dao\NFENotasFiscais.Dao.csproj", "{BAD1CF0B-13B7-4597-9A07-7788D58AC4DA}"
EndProject
Project("{FAE04EC0-301F-11D3-BF4B-00C04F79EFBC}") = "NFENotasFiscais.Helper", "Portal\Areas\NFENotasFiscais\Class\NFENotasFiscais.Helper\NFENotasFiscais.Helper.csproj", "{E1EAFB5F-CA3B-4113-8676-6B1FFC43651B}"
EndProject
Project("{FAE04EC0-301F-11D3-BF4B-00C04F79EFBC}") = "HelpersSistema", "Portal\Areas\HelpersSistema\HelpersSistema.csproj", "{5A8D28AE-5DDE-45DC-99DA-4FDA68CD0D1D}"
EndProject
Project("{FAE04EC0-301F-11D3-BF4B-00C04F79EFBC}") = "HelpersSistema.BE", "Portal\Areas\HelpersSistema\Class\HelpersSistema.BE\HelpersSistema.BE.csproj", "{A678835E-48C5-4CC1-951E-23CA2ED52037}"
EndProject
Global
	GlobalSection(SolutionConfigurationPlatforms) = preSolution
		Debug|Any CPU = Debug|Any CPU
		Release|Any CPU = Release|Any CPU
	EndGlobalSection
	GlobalSection(ProjectConfigurationPlatforms) = postSolution
		{5322FAC4-A153-475B-A1FE-DCA3333BBA2C}.Debug|Any CPU.ActiveCfg = Debug|Any CPU
		{5322FAC4-A153-475B-A1FE-DCA3333BBA2C}.Debug|Any CPU.Build.0 = Debug|Any CPU
		{5322FAC4-A153-475B-A1FE-DCA3333BBA2C}.Release|Any CPU.ActiveCfg = Release|Any CPU
		{5322FAC4-A153-475B-A1FE-DCA3333BBA2C}.Release|Any CPU.Build.0 = Release|Any CPU
		{5BC252C9-8F45-42A6-82F5-0A6B705BD1E1}.Debug|Any CPU.ActiveCfg = Debug|Any CPU
		{5BC252C9-8F45-42A6-82F5-0A6B705BD1E1}.Debug|Any CPU.Build.0 = Debug|Any CPU
		{5BC252C9-8F45-42A6-82F5-0A6B705BD1E1}.Release|Any CPU.ActiveCfg = Release|Any CPU
		{5BC252C9-8F45-42A6-82F5-0A6B705BD1E1}.Release|Any CPU.Build.0 = Release|Any CPU
		{FBD7AFEE-2D39-421C-AF9E-FD15D0DC91BF}.Debug|Any CPU.ActiveCfg = Debug|Any CPU
		{FBD7AFEE-2D39-421C-AF9E-FD15D0DC91BF}.Debug|Any CPU.Build.0 = Debug|Any CPU
		{FBD7AFEE-2D39-421C-AF9E-FD15D0DC91BF}.Release|Any CPU.ActiveCfg = Release|Any CPU
		{FBD7AFEE-2D39-421C-AF9E-FD15D0DC91BF}.Release|Any CPU.Build.0 = Release|Any CPU
		{BABD2C80-4559-40B1-9079-373FCE1A75BC}.Debug|Any CPU.ActiveCfg = Debug|Any CPU
		{BABD2C80-4559-40B1-9079-373FCE1A75BC}.Debug|Any CPU.Build.0 = Debug|Any CPU
		{BABD2C80-4559-40B1-9079-373FCE1A75BC}.Release|Any CPU.ActiveCfg = Release|Any CPU
		{BABD2C80-4559-40B1-9079-373FCE1A75BC}.Release|Any CPU.Build.0 = Release|Any CPU
		{BD716341-AAE7-4A42-9B42-FB2CE7693BC2}.Debug|Any CPU.ActiveCfg = Debug|Any CPU
		{BD716341-AAE7-4A42-9B42-FB2CE7693BC2}.Debug|Any CPU.Build.0 = Debug|Any CPU
		{BD716341-AAE7-4A42-9B42-FB2CE7693BC2}.Release|Any CPU.ActiveCfg = Release|Any CPU
		{BD716341-AAE7-4A42-9B42-FB2CE7693BC2}.Release|Any CPU.Build.0 = Release|Any CPU
		{7C68BEB7-ADAB-4FDB-A7B6-8696DE0E71A8}.Debug|Any CPU.ActiveCfg = Debug|Any CPU
		{7C68BEB7-ADAB-4FDB-A7B6-8696DE0E71A8}.Debug|Any CPU.Build.0 = Debug|Any CPU
		{7C68BEB7-ADAB-4FDB-A7B6-8696DE0E71A8}.Release|Any CPU.ActiveCfg = Release|Any CPU
		{7C68BEB7-ADAB-4FDB-A7B6-8696DE0E71A8}.Release|Any CPU.Build.0 = Release|Any CPU
		{108E9DDB-7FC2-4352-AB19-351AD4328A4E}.Debug|Any CPU.ActiveCfg = Debug|Any CPU
		{108E9DDB-7FC2-4352-AB19-351AD4328A4E}.Debug|Any CPU.Build.0 = Debug|Any CPU
		{108E9DDB-7FC2-4352-AB19-351AD4328A4E}.Release|Any CPU.ActiveCfg = Release|Any CPU
		{108E9DDB-7FC2-4352-AB19-351AD4328A4E}.Release|Any CPU.Build.0 = Release|Any CPU
		{0FECABFE-0E0F-4B3D-9E5F-05ED3E344377}.Debug|Any CPU.ActiveCfg = Debug|Any CPU
		{0FECABFE-0E0F-4B3D-9E5F-05ED3E344377}.Debug|Any CPU.Build.0 = Debug|Any CPU
		{0FECABFE-0E0F-4B3D-9E5F-05ED3E344377}.Release|Any CPU.ActiveCfg = Release|Any CPU
		{0FECABFE-0E0F-4B3D-9E5F-05ED3E344377}.Release|Any CPU.Build.0 = Release|Any CPU
		{6E10AB3A-57AD-41CD-862A-C9C125689B6A}.Debug|Any CPU.ActiveCfg = Debug|Any CPU
		{6E10AB3A-57AD-41CD-862A-C9C125689B6A}.Debug|Any CPU.Build.0 = Debug|Any CPU
		{6E10AB3A-57AD-41CD-862A-C9C125689B6A}.Release|Any CPU.ActiveCfg = Release|Any CPU
		{6E10AB3A-57AD-41CD-862A-C9C125689B6A}.Release|Any CPU.Build.0 = Release|Any CPU
		{EE07FEC1-3D7B-40C8-A508-C36A41820438}.Debug|Any CPU.ActiveCfg = Debug|Any CPU
		{EE07FEC1-3D7B-40C8-A508-C36A41820438}.Debug|Any CPU.Build.0 = Debug|Any CPU
		{EE07FEC1-3D7B-40C8-A508-C36A41820438}.Release|Any CPU.ActiveCfg = Release|Any CPU
		{EE07FEC1-3D7B-40C8-A508-C36A41820438}.Release|Any CPU.Build.0 = Release|Any CPU
		{A68CCB82-958D-422C-92DB-5DB1D97CED77}.Debug|Any CPU.ActiveCfg = Debug|Any CPU
		{A68CCB82-958D-422C-92DB-5DB1D97CED77}.Debug|Any CPU.Build.0 = Debug|Any CPU
		{A68CCB82-958D-422C-92DB-5DB1D97CED77}.Release|Any CPU.ActiveCfg = Release|Any CPU
		{A68CCB82-958D-422C-92DB-5DB1D97CED77}.Release|Any CPU.Build.0 = Release|Any CPU
		{98B3FCF2-C6DF-4C51-872F-CD2176C74700}.Debug|Any CPU.ActiveCfg = Debug|Any CPU
		{98B3FCF2-C6DF-4C51-872F-CD2176C74700}.Debug|Any CPU.Build.0 = Debug|Any CPU
		{98B3FCF2-C6DF-4C51-872F-CD2176C74700}.Release|Any CPU.ActiveCfg = Release|Any CPU
		{98B3FCF2-C6DF-4C51-872F-CD2176C74700}.Release|Any CPU.Build.0 = Release|Any CPU
		{5BE2CA67-2D14-4E21-B834-5DEC8B45217F}.Debug|Any CPU.ActiveCfg = Debug|Any CPU
		{5BE2CA67-2D14-4E21-B834-5DEC8B45217F}.Debug|Any CPU.Build.0 = Debug|Any CPU
		{5BE2CA67-2D14-4E21-B834-5DEC8B45217F}.Release|Any CPU.ActiveCfg = Release|Any CPU
		{5BE2CA67-2D14-4E21-B834-5DEC8B45217F}.Release|Any CPU.Build.0 = Release|Any CPU
		{5C4C8745-1CE3-432A-9D83-3F677BD67F9B}.Debug|Any CPU.ActiveCfg = Debug|Any CPU
		{5C4C8745-1CE3-432A-9D83-3F677BD67F9B}.Debug|Any CPU.Build.0 = Debug|Any CPU
		{5C4C8745-1CE3-432A-9D83-3F677BD67F9B}.Release|Any CPU.ActiveCfg = Release|Any CPU
		{5C4C8745-1CE3-432A-9D83-3F677BD67F9B}.Release|Any CPU.Build.0 = Release|Any CPU
		{362FC5A5-1538-4246-9E58-5226C635553B}.Debug|Any CPU.ActiveCfg = Debug|Any CPU
		{362FC5A5-1538-4246-9E58-5226C635553B}.Debug|Any CPU.Build.0 = Debug|Any CPU
		{362FC5A5-1538-4246-9E58-5226C635553B}.Release|Any CPU.ActiveCfg = Release|Any CPU
		{362FC5A5-1538-4246-9E58-5226C635553B}.Release|Any CPU.Build.0 = Release|Any CPU
		{A35E204A-9F9B-47A6-84FE-AC60E95BF4AF}.Debug|Any CPU.ActiveCfg = Debug|Any CPU
		{A35E204A-9F9B-47A6-84FE-AC60E95BF4AF}.Debug|Any CPU.Build.0 = Debug|Any CPU
		{A35E204A-9F9B-47A6-84FE-AC60E95BF4AF}.Release|Any CPU.ActiveCfg = Release|Any CPU
		{A35E204A-9F9B-47A6-84FE-AC60E95BF4AF}.Release|Any CPU.Build.0 = Release|Any CPU
		{BAD1CF0B-13B7-4597-9A07-7788D58AC4DA}.Debug|Any CPU.ActiveCfg = Debug|Any CPU
		{BAD1CF0B-13B7-4597-9A07-7788D58AC4DA}.Debug|Any CPU.Build.0 = Debug|Any CPU
		{BAD1CF0B-13B7-4597-9A07-7788D58AC4DA}.Release|Any CPU.ActiveCfg = Release|Any CPU
		{BAD1CF0B-13B7-4597-9A07-7788D58AC4DA}.Release|Any CPU.Build.0 = Release|Any CPU
		{E1EAFB5F-CA3B-4113-8676-6B1FFC43651B}.Debug|Any CPU.ActiveCfg = Debug|Any CPU
		{E1EAFB5F-CA3B-4113-8676-6B1FFC43651B}.Debug|Any CPU.Build.0 = Debug|Any CPU
		{E1EAFB5F-CA3B-4113-8676-6B1FFC43651B}.Release|Any CPU.ActiveCfg = Release|Any CPU
		{E1EAFB5F-CA3B-4113-8676-6B1FFC43651B}.Release|Any CPU.Build.0 = Release|Any CPU
		{5A8D28AE-5DDE-45DC-99DA-4FDA68CD0D1D}.Debug|Any CPU.ActiveCfg = Debug|Any CPU
		{5A8D28AE-5DDE-45DC-99DA-4FDA68CD0D1D}.Debug|Any CPU.Build.0 = Debug|Any CPU
		{5A8D28AE-5DDE-45DC-99DA-4FDA68CD0D1D}.Release|Any CPU.ActiveCfg = Release|Any CPU
		{5A8D28AE-5DDE-45DC-99DA-4FDA68CD0D1D}.Release|Any CPU.Build.0 = Release|Any CPU
		{A678835E-48C5-4CC1-951E-23CA2ED52037}.Debug|Any CPU.ActiveCfg = Debug|Any CPU
		{A678835E-48C5-4CC1-951E-23CA2ED52037}.Debug|Any CPU.Build.0 = Debug|Any CPU
		{A678835E-48C5-4CC1-951E-23CA2ED52037}.Release|Any CPU.ActiveCfg = Release|Any CPU
		{A678835E-48C5-4CC1-951E-23CA2ED52037}.Release|Any CPU.Build.0 = Release|Any CPU
	EndGlobalSection
	GlobalSection(SolutionProperties) = preSolution
		HideSolutionNode = FALSE
	EndGlobalSection
	GlobalSection(NestedProjects) = preSolution
		{5322FAC4-A153-475B-A1FE-DCA3333BBA2C} = {B4AC80CD-8C9C-4CE7-9F64-221A32F02FDE}
		{5BC252C9-8F45-42A6-82F5-0A6B705BD1E1} = {0929626C-B902-4D5A-9E4F-697BB7F4D469}
		{FBD7AFEE-2D39-421C-AF9E-FD15D0DC91BF} = {BDC394AE-8127-449A-A4F0-435AA58A2868}
		{BABD2C80-4559-40B1-9079-373FCE1A75BC} = {EF3AD0BA-EE02-4FCC-AA14-F3BEF44EA020}
		{BD716341-AAE7-4A42-9B42-FB2CE7693BC2} = {EF3AD0BA-EE02-4FCC-AA14-F3BEF44EA020}
		{7C68BEB7-ADAB-4FDB-A7B6-8696DE0E71A8} = {EF3AD0BA-EE02-4FCC-AA14-F3BEF44EA020}
		{108E9DDB-7FC2-4352-AB19-351AD4328A4E} = {EF3AD0BA-EE02-4FCC-AA14-F3BEF44EA020}
		{0FECABFE-0E0F-4B3D-9E5F-05ED3E344377} = {24FBEC7B-26EE-45B0-B11A-497A17C0AD34}
		{6E10AB3A-57AD-41CD-862A-C9C125689B6A} = {3E691426-92DB-466D-B294-D605B16AEFB6}
		{EE07FEC1-3D7B-40C8-A508-C36A41820438} = {3E691426-92DB-466D-B294-D605B16AEFB6}
		{A68CCB82-958D-422C-92DB-5DB1D97CED77} = {3E691426-92DB-466D-B294-D605B16AEFB6}
		{98B3FCF2-C6DF-4C51-872F-CD2176C74700} = {3E691426-92DB-466D-B294-D605B16AEFB6}
		{5BE2CA67-2D14-4E21-B834-5DEC8B45217F} = {3E691426-92DB-466D-B294-D605B16AEFB6}
		{5C4C8745-1CE3-432A-9D83-3F677BD67F9B} = {0929626C-B902-4D5A-9E4F-697BB7F4D469}
		{362FC5A5-1538-4246-9E58-5226C635553B} = {0929626C-B902-4D5A-9E4F-697BB7F4D469}
		{A35E204A-9F9B-47A6-84FE-AC60E95BF4AF} = {0929626C-B902-4D5A-9E4F-697BB7F4D469}
		{BAD1CF0B-13B7-4597-9A07-7788D58AC4DA} = {0929626C-B902-4D5A-9E4F-697BB7F4D469}
		{E1EAFB5F-CA3B-4113-8676-6B1FFC43651B} = {0929626C-B902-4D5A-9E4F-697BB7F4D469}
		{5A8D28AE-5DDE-45DC-99DA-4FDA68CD0D1D} = {1984044A-FFE5-402C-9303-598C4C0220CC}
		{A678835E-48C5-4CC1-951E-23CA2ED52037} = {1984044A-FFE5-402C-9303-598C4C0220CC}
	EndGlobalSection
EndGlobal
